// !$*UTF8*$!
{
	archiveVersion = 1;
	classes = {
	};
	objectVersion = 46;
	objects = {

/* Begin PBXBuildFile section */
		031D676F1B8A1C9600879BAB /* main.c in Sources */ = {isa = PBXBuildFile; fileRef = 031D676E1B8A1C9600879BAB /* main.c */; };
		031D679C1B8AF5E400879BAB /* rating.c in Sources */ = {isa = PBXBuildFile; fileRef = 031D67751B8A1D8300879BAB /* rating.c */; };
		031D679D1B8AF61500879BAB /* rating.h in Headers */ = {isa = PBXBuildFile; fileRef = 031D67761B8A1D8300879BAB /* rating.h */; };
		031D679E1B8AF67900879BAB /* libpasser.a in Frameworks */ = {isa = PBXBuildFile; fileRef = 031D67981B8AF5D800879BAB /* libpasser.a */; };
/* End PBXBuildFile section */

/* Begin PBXCopyFilesBuildPhase section */
		031D67691B8A1C9600879BAB /* CopyFiles */ = {
			isa = PBXCopyFilesBuildPhase;
			buildActionMask = 2147483647;
			dstPath = /usr/share/man/man1/;
			dstSubfolderSpec = 0;
			files = (
			);
			runOnlyForDeploymentPostprocessing = 1;
		};
/* End PBXCopyFilesBuildPhase section */

/* Begin PBXFileReference section */
		031D676B1B8A1C9600879BAB /* passer-rating */ = {isa = PBXFileReference; explicitFileType = "compiled.mach-o.executable"; includeInIndex = 0; path = "passer-rating"; sourceTree = BUILT_PRODUCTS_DIR; };
		031D676E1B8A1C9600879BAB /* main.c */ = {isa = PBXFileReference; lastKnownFileType = sourcecode.c.c; path = main.c; sourceTree = "<group>"; };
		031D67751B8A1D8300879BAB /* rating.c */ = {isa = PBXFileReference; fileEncoding = 4; lastKnownFileType = sourcecode.c.c; path = rating.c; sourceTree = "<group>"; };
		031D67761B8A1D8300879BAB /* rating.h */ = {isa = PBXFileReference; fileEncoding = 4; lastKnownFileType = sourcecode.c.h; path = rating.h; sourceTree = "<group>"; };
		031D67981B8AF5D800879BAB /* libpasser.a */ = {isa = PBXFileReference; explicitFileType = archive.ar; includeInIndex = 0; path = libpasser.a; sourceTree = BUILT_PRODUCTS_DIR; };
/* End PBXFileReference section */

/* Begin PBXFrameworksBuildPhase section */
		031D67681B8A1C9600879BAB /* Frameworks */ = {
			isa = PBXFrameworksBuildPhase;
			buildActionMask = 2147483647;
			files = (
				031D679E1B8AF67900879BAB /* libpasser.a in Frameworks */,
			);
			runOnlyForDeploymentPostprocessing = 0;
		};
		031D67951B8AF5D800879BAB /* Frameworks */ = {
			isa = PBXFrameworksBuildPhase;
			buildActionMask = 2147483647;
			files = (
			);
			runOnlyForDeploymentPostprocessing = 0;
		};
/* End PBXFrameworksBuildPhase section */

/* Begin PBXGroup section */
		031D67621B8A1C9600879BAB = {
			isa = PBXGroup;
			children = (
				031D676D1B8A1C9600879BAB /* passer-rating */,
				031D676C1B8A1C9600879BAB /* Products */,
			);
			sourceTree = "<group>";
		};
		031D676C1B8A1C9600879BAB /* Products */ = {
			isa = PBXGroup;
			children = (
				031D676B1B8A1C9600879BAB /* passer-rating */,
				031D67981B8AF5D800879BAB /* libpasser.a */,
			);
			name = Products;
			sourceTree = "<group>";
		};
		031D676D1B8A1C9600879BAB /* passer-rating */ = {
			isa = PBXGroup;
			children = (
				031D676E1B8A1C9600879BAB /* main.c */,
				031D67751B8A1D8300879BAB /* rating.c */,
				031D67761B8A1D8300879BAB /* rating.h */,
			);
			path = "passer-rating";
			sourceTree = "<group>";
		};
/* End PBXGroup section */

/* Begin PBXHeadersBuildPhase section */
		031D67961B8AF5D800879BAB /* Headers */ = {
			isa = PBXHeadersBuildPhase;
			buildActionMask = 2147483647;
			files = (
				031D679D1B8AF61500879BAB /* rating.h in Headers */,
			);
			runOnlyForDeploymentPostprocessing = 0;
		};
/* End PBXHeadersBuildPhase section */

/* Begin PBXNativeTarget section */
		031D676A1B8A1C9600879BAB /* passer-rating */ = {
			isa = PBXNativeTarget;
			buildConfigurationList = 031D67721B8A1C9600879BAB /* Build configuration list for PBXNativeTarget "passer-rating" */;
			buildPhases = (
				031D67671B8A1C9600879BAB /* Sources */,
				031D67681B8A1C9600879BAB /* Frameworks */,
				031D67691B8A1C9600879BAB /* CopyFiles */,
			);
			buildRules = (
			);
			dependencies = (
			);
			name = "passer-rating";
			productName = "passer-rating";
			productReference = 031D676B1B8A1C9600879BAB /* passer-rating */;
			productType = "com.apple.product-type.tool";
		};
		031D67971B8AF5D800879BAB /* passer */ = {
			isa = PBXNativeTarget;
			buildConfigurationList = 031D67991B8AF5D800879BAB /* Build configuration list for PBXNativeTarget "passer" */;
			buildPhases = (
				031D67941B8AF5D800879BAB /* Sources */,
				031D67951B8AF5D800879BAB /* Frameworks */,
				031D67961B8AF5D800879BAB /* Headers */,
			);
			buildRules = (
			);
			dependencies = (
			);
			name = passer;
			productName = passer;
			productReference = 031D67981B8AF5D800879BAB /* libpasser.a */;
			productType = "com.apple.product-type.library.static";
		};
/* End PBXNativeTarget section */

/* Begin PBXProject section */
		031D67631B8A1C9600879BAB /* Project object */ = {
			isa = PBXProject;
			attributes = {
				LastUpgradeCheck = 0610;
				ORGANIZATIONNAME = "Hyeongseok Kang";
				TargetAttributes = {
					031D676A1B8A1C9600879BAB = {
						CreatedOnToolsVersion = 6.1;
					};
					031D67971B8AF5D800879BAB = {
						CreatedOnToolsVersion = 6.1;
					};
				};
			};
			buildConfigurationList = 031D67661B8A1C9600879BAB /* Build configuration list for PBXProject "passer-rating" */;
			compatibilityVersion = "Xcode 3.2";
			developmentRegion = English;
			hasScannedForEncodings = 0;
			knownRegions = (
				en,
			);
			mainGroup = 031D67621B8A1C9600879BAB;
			productRefGroup = 031D676C1B8A1C9600879BAB /* Products */;
			projectDirPath = "";
			projectRoot = "";
			targets = (
				031D676A1B8A1C9600879BAB /* passer-rating */,
				031D67971B8AF5D800879BAB /* passer */,
			);
		};
/* End PBXProject section */

/* Begin PBXSourcesBuildPhase section */
		031D67671B8A1C9600879BAB /* Sources */ = {
			isa = PBXSourcesBuildPhase;
			buildActionMask = 2147483647;
			files = (
				031D676F1B8A1C9600879BAB /* main.c in Sources */,
			);
			runOnlyForDeploymentPostprocessing = 0;
		};
		031D67941B8AF5D800879BAB /* Sources */ = {
			isa = PBXSourcesBuildPhase;
			buildActionMask = 2147483647;
			files = (
				031D679C1B8AF5E400879BAB /* rating.c in Sources */,
			);
			runOnlyForDeploymentPostprocessing = 0;
		};
/* End PBXSourcesBuildPhase section */

/* Begin XCBuildConfiguration section */
		031D67701B8A1C9600879BAB /* Debug */ = {
			isa = XCBuildConfiguration;
			buildSettings = {
				ALWAYS_SEARCH_USER_PATHS = NO;
				CLANG_CXX_LANGUAGE_STANDARD = "gnu++0x";
				CLANG_CXX_LIBRARY = "libc++";
				CLANG_ENABLE_MODULES = YES;
				CLANG_ENABLE_OBJC_ARC = YES;
				CLANG_WARN_BOOL_CONVERSION = YES;
				CLANG_WARN_CONSTANT_CONVERSION = YES;
				CLANG_WARN_DIRECT_OBJC_ISA_USAGE = YES_ERROR;
				CLANG_WARN_EMPTY_BODY = YES;
				CLANG_WARN_ENUM_CONVERSION = YES;
				CLANG_WARN_INT_CONVERSION = YES;
				CLANG_WARN_OBJC_ROOT_CLASS = YES_ERROR;
				CLANG_WARN_UNREACHABLE_CODE = YES;
				CLANG_WARN__DUPLICATE_METHOD_MATCH = YES;
				COPY_PHASE_STRIP = NO;
				ENABLE_STRICT_OBJC_MSGSEND = YES;
				GCC_C_LANGUAGE_STANDARD = gnu99;
				GCC_DYNAMIC_NO_PIC = NO;
				GCC_OPTIMIZATION_LEVEL = 0;
				GCC_PREPROCESSOR_DEFINITIONS = (
					"DEBUG=1",
					"$(inherited)",
				);
				GCC_SYMBOLS_PRIVATE_EXTERN = NO;
				GCC_WARN_64_TO_32_BIT_CONVERSION = YES;
				GCC_WARN_ABOUT_RETURN_TYPE = YES_ERROR;
				GCC_WARN_UNDECLARED_SELECTOR = YES;
				GCC_WARN_UNINITIALIZED_AUTOS = YES_AGGRESSIVE;
				GCC_WARN_UNUSED_FUNCTION = YES;
				GCC_WARN_UNUSED_VARIABLE = YES;
				MACOSX_DEPLOYMENT_TARGET = 10.9;
				MTL_ENABLE_DEBUG_INFO = YES;
				ONLY_ACTIVE_ARCH = YES;
				SDKROOT = macosx;
			};
			name = Debug;
		};
		031D67711B8A1C9600879BAB /* Release */ = {
			isa = XCBuildConfiguration;
			buildSettings = {
				ALWAYS_SEARCH_USER_PATHS = NO;
				CLANG_CXX_LANGUAGE_STANDARD = "gnu++0x";
				CLANG_CXX_LIBRARY = "libc++";
				CLANG_ENABLE_MODULES = YES;
				CLANG_ENABLE_OBJC_ARC = YES;
				CLANG_WARN_BOOL_CONVERSION = YES;
				CLANG_WARN_CONSTANT_CONVERSION = YES;
				CLANG_WARN_DIRECT_OBJC_ISA_USAGE = YES_ERROR;
				CLANG_WARN_EMPTY_BODY = YES;
				CLANG_WARN_ENUM_CONVERSION = YES;
				CLANG_WARN_INT_CONVERSION = YES;
				CLANG_WARN_OBJC_ROOT_CLASS = YES_ERROR;
				CLANG_WARN_UNREACHABLE_CODE = YES;
				CLANG_WARN__DUPLICATE_METHOD_MATCH = YES;
				COPY_PHASE_STRIP = YES;
				DEBUG_INFORMATION_FORMAT = "dwarf-with-dsym";
				ENABLE_NS_ASSERTIONS = NO;
				ENABLE_STRICT_OBJC_MSGSEND = YES;
				GCC_C_LANGUAGE_STANDARD = gnu99;
				GCC_WARN_64_TO_32_BIT_CONVERSION = YES;
				GCC_WARN_ABOUT_RETURN_TYPE = YES_ERROR;
				GCC_WARN_UNDECLARED_SELECTOR = YES;
				GCC_WARN_UNINITIALIZED_AUTOS = YES_AGGRESSIVE;
				GCC_WARN_UNUSED_FUNCTION = YES;
				GCC_WARN_UNUSED_VARIABLE = YES;
				MACOSX_DEPLOYMENT_TARGET = 10.9;
				MTL_ENABLE_DEBUG_INFO = NO;
				SDKROOT = macosx;
			};
			name = Release;
		};
		031D67731B8A1C9600879BAB /* Debug */ = {
			isa = XCBuildConfiguration;
			buildSettings = {
				New_Setting = "";
				PRODUCT_NAME = "$(TARGET_NAME)";
			};
			name = Debug;
		};
		031D67741B8A1C9600879BAB /* Release */ = {
			isa = XCBuildConfiguration;
			buildSettings = {
				New_Setting = "";
				PRODUCT_NAME = "$(TARGET_NAME)";
			};
			name = Release;
		};
		031D679A1B8AF5D800879BAB /* Debug */ = {
			isa = XCBuildConfiguration;
			buildSettings = {
				EXECUTABLE_PREFIX = lib;
				GCC_PREPROCESSOR_DEFINITIONS = (
					"DEBUG=1",
					"$(inherited)",
				);
				PRODUCT_NAME = "$(TARGET_NAME)";
			};
			name = Debug;
		};
		031D679B1B8AF5D800879BAB /* Release */ = {
			isa = XCBuildConfiguration;
			buildSettings = {
				EXECUTABLE_PREFIX = lib;
				PRODUCT_NAME = "$(TARGET_NAME)";
			};
			name = Release;
		};
/* End XCBuildConfiguration section */

/* Begin XCConfigurationList section */
		031D67661B8A1C9600879BAB /* Build configuration list for PBXProject "passer-rating" */ = {
			isa = XCConfigurationList;
			buildConfigurations = (
				031D67701B8A1C9600879BAB /* Debug */,
				031D67711B8A1C9600879BAB /* Release */,
			);
			defaultConfigurationIsVisible = 0;
			defaultConfigurationName = Release;
		};
		031D67721B8A1C9600879BAB /* Build configuration list for PBXNativeTarget "passer-rating" */ = {
			isa = XCConfigurationList;
			buildConfigurations = (
				031D67731B8A1C9600879BAB /* Debug */,
				031D67741B8A1C9600879BAB /* Release */,
			);
			defaultConfigurationIsVisible = 0;
			defaultConfigurationName = Release;
		};
		031D67991B8AF5D800879BAB /* Build configuration list for PBXNativeTarget "passer" */ = {
			isa = XCConfigurationList;
			buildConfigurations = (
				031D679A1B8AF5D800879BAB /* Debug */,
				031D679B1B8AF5D800879BAB /* Release */,
			);
			defaultConfigurationIsVisible = 0;
		};
/* End XCConfigurationList section */
	};
	rootObject = 031D67631B8A1C9600879BAB /* Project object */;
}
